{
  "name": "playwright-performance-demo",
  "version": "1.0.0",
  "lockfileVersion": 3,
  "requires": true,
  "packages": {
    "": {
      "name": "playwright-performance-demo",
      "version": "1.0.0",
      "license": "ISC",
      "devDependencies": {
        "@playwright/test": "^1.31.1",
        "playwright-performance": "^1.0.0"
      }
    },
    "node_modules/@playwright/test": {
      "version": "1.31.2",
      "resolved": "https://registry.npmjs.org/@playwright/test/-/test-1.31.2.tgz",
      "integrity": "sha512-BYVutxDI4JeZKV1+ups6dt5WiqKhjBtIYowyZIJ3kBDmJgsuPKsqqKNIMFbUePLSCmp2cZu+BDL427RcNKTRYw==",
      "dev": true,
      "dependencies": {
        "@types/node": "*",
        "playwright-core": "1.31.2"
      },
      "bin": {
        "playwright": "cli.js"
      },
      "engines": {
        "node": ">=14"
      },
      "optionalDependencies": {
        "fsevents": "2.3.2"
      }
    },
    "node_modules/@types/node": {
      "version": "18.15.1",
      "resolved": "https://registry.npmjs.org/@types/node/-/node-18.15.1.tgz",
      "integrity": "sha512-U2TWca8AeHSmbpi314QBESRk7oPjSZjDsR+c+H4ECC1l+kFgpZf8Ydhv3SJpPy51VyZHHqxlb6mTTqYNNRVAIw==",
      "dev": true
    },
    "node_modules/app-root-path": {
      "version": "3.1.0",
      "resolved": "https://registry.npmjs.org/app-root-path/-/app-root-path-3.1.0.tgz",
      "integrity": "sha512-biN3PwB2gUtjaYy/isrU3aNWI5w+fAfvHkSvCKeQGxhmYpwKFUxudR3Yya+KqVRHBmEDYh+/lTozYCFbmzX4nA==",
      "dev": true,
      "engines": {
        "node": ">= 6.0.0"
      }
    },
    "node_modules/async-csv": {
      "version": "2.1.3",
      "resolved": "https://registry.npmjs.org/async-csv/-/async-csv-2.1.3.tgz",
      "integrity": "sha512-mpsCN+D7mzZeqrlDw7UTPhvDQDlx1i819E9fbKIt8drkgED5FSOlBv3Rk/+sXdevnO2wwlRkVOQ4kdT0AyqPqQ==",
      "dev": true,
      "dependencies": {
        "csv": "^5.1.3"
      }
    },
    "node_modules/csv": {
      "version": "5.5.3",
      "resolved": "https://registry.npmjs.org/csv/-/csv-5.5.3.tgz",
      "integrity": "sha512-QTaY0XjjhTQOdguARF0lGKm5/mEq9PD9/VhZZegHDIBq2tQwgNpHc3dneD4mGo2iJs+fTKv5Bp0fZ+BRuY3Z0g==",
      "dev": true,
      "dependencies": {
        "csv-generate": "^3.4.3",
        "csv-parse": "^4.16.3",
        "csv-stringify": "^5.6.5",
        "stream-transform": "^2.1.3"
      },
      "engines": {
        "node": ">= 0.1.90"
      }
    },
    "node_modules/csv-generate": {
      "version": "3.4.3",
      "resolved": "https://registry.npmjs.org/csv-generate/-/csv-generate-3.4.3.tgz",
      "integrity": "sha512-w/T+rqR0vwvHqWs/1ZyMDWtHHSJaN06klRqJXBEpDJaM/+dZkso0OKh1VcuuYvK3XM53KysVNq8Ko/epCK8wOw==",
      "dev": true
    },
    "node_modules/csv-parse": {
      "version": "4.16.3",
      "resolved": "https://registry.npmjs.org/csv-parse/-/csv-parse-4.16.3.tgz",
      "integrity": "sha512-cO1I/zmz4w2dcKHVvpCr7JVRu8/FymG5OEpmvsZYlccYolPBLoVGKUHgNoc4ZGkFeFlWGEDmMyBM+TTqRdW/wg==",
      "dev": true
    },
    "node_modules/csv-stringify": {
      "version": "5.6.5",
      "resolved": "https://registry.npmjs.org/csv-stringify/-/csv-stringify-5.6.5.tgz",
      "integrity": "sha512-PjiQ659aQ+fUTQqSrd1XEDnOr52jh30RBurfzkscaE2tPaFsDH5wOAHJiw8XAHphRknCwMUE9KRayc4K/NbO8A==",
      "dev": true
    },
    "node_modules/fsevents": {
      "version": "2.3.2",
      "resolved": "https://registry.npmjs.org/fsevents/-/fsevents-2.3.2.tgz",
      "integrity": "sha512-xiqMQR4xAeHTuB9uWm+fFRcIOgKBMiOBP+eXiyT7jsgVCq1bkVygt00oASowB7EdtpOHaaPgKt812P9ab+DDKA==",
      "dev": true,
      "hasInstallScript": true,
      "optional": true,
      "os": [
        "darwin"
      ],
      "engines": {
        "node": "^8.16.0 || ^10.6.0 || >=11.0.0"
      }
    },
    "node_modules/mixme": {
      "version": "0.5.5",
      "resolved": "https://registry.npmjs.org/mixme/-/mixme-0.5.5.tgz",
      "integrity": "sha512-/6IupbRx32s7jjEwHcycXikJwFD5UujbVNuJFkeKLYje+92OvtuPniF6JhnFm5JCTDUhS+kYK3W/4BWYQYXz7w==",
      "dev": true,
      "engines": {
        "node": ">= 8.0.0"
      }
    },
    "node_modules/objects-to-csv": {
      "version": "1.3.6",
      "resolved": "https://registry.npmjs.org/objects-to-csv/-/objects-to-csv-1.3.6.tgz",
      "integrity": "sha512-383eSpS3hmgCksW85KIqBtcbgSW5DDVsCmzLoM6C3q4yzOX2rmtWxF4pbLJ76fz+ufA+4/SwAT4QdaY6IUWmAg==",
      "dev": true,
      "dependencies": {
        "async-csv": "^2.1.3"
      }
    },
    "node_modules/playwright-core": {
      "version": "1.31.2",
      "resolved": "https://registry.npmjs.org/playwright-core/-/playwright-core-1.31.2.tgz",
      "integrity": "sha512-a1dFgCNQw4vCsG7bnojZjDnPewZcw7tZUNFN0ZkcLYKj+mPmXvg4MpaaKZ5SgqPsOmqIf2YsVRkgqiRDxD+fDQ==",
      "dev": true,
      "bin": {
        "playwright": "cli.js"
      },
      "engines": {
        "node": ">=14"
      }
    },
    "node_modules/playwright-performance": {
      "version": "1.0.0",
      "resolved": "https://registry.npmjs.org/playwright-performance/-/playwright-performance-1.0.0.tgz",
      "integrity": "sha512-cxqYVSv1okcXNoRpjd77O30R3NMgPV2QveVCyxnLpRnqjstu5vT2iGVi+W8zA+Agn+IFe7BPAPuTnZwQWX/gdw==",
      "dev": true,
      "dependencies": {
        "app-root-path": "^3.1.0",
        "objects-to-csv": "^1.3.6"
      }
    },
    "node_modules/stream-transform": {
      "version": "2.1.3",
      "resolved": "https://registry.npmjs.org/stream-transform/-/stream-transform-2.1.3.tgz",
      "integrity": "sha512-9GHUiM5hMiCi6Y03jD2ARC1ettBXkQBoQAe7nJsPknnI0ow10aXjTnew8QtYQmLjzn974BnmWEAJgCY6ZP1DeQ==",
      "dev": true,
      "dependencies": {
        "mixme": "^0.5.1"
      }
    }
  }
}
